<Solution>
  <Folder Name="/Элементы решения/">
    <File Path="../README.md" />
    <File Path="../Tests.md" />
  </Folder>
  <Folder Name="/Элементы решения/includes/">
    <File Path="../include/lib.vma" />
    <File Path="../include/math.vma" />
    <File Path="../include/ops.vma" />
    <File Path="../include/std.vma" />
    <File Path="../include/sys.vma" />
  </Folder>
  <Project Path="../Compiller/Compiller.csproj" Id="75871bb8-1afc-4dbd-a928-24eef852977b" />
  <Project Path="../Controllers/Kernel.csproj" Id="9d1173c7-0c5f-402c-a10c-a5f7752b4b31" />
  <Project Path="../Kernel.Common/Kernel.Common.csproj" Id="e0c23665-b03d-415f-8e85-c395a482ef5b" />
  <Project Path="../VMApplication/VMApplication.csproj" />
  <Project Path="ASM gen.csproj" />
</Solution>
